
Microsoft Visual Studio Solution File, Format Version 12.00
# Visual Studio Version 16
VisualStudioVersion = 16.0.28803.156
MinimumVisualStudioVersion = 10.0.40219.1
Project("{2150E333-8FDC-42A3-9474-1A3956D46DE8}") = "Solution Items", "Solution Items", "{1D74EF24-2B5C-4FBE-ADAD-4959F5D99A5A}"
	ProjectSection(SolutionItems) = preProject
		Directory.Build.props = Directory.Build.props
		Directory.Build.targets = Directory.Build.targets
	EndProjectSection
EndProject
Project("{2150E333-8FDC-42A3-9474-1A3956D46DE8}") = "Style Guides", "Style Guides", "{059F8AA8-90F7-485D-BAEA-3F3CE500DBF4}"
	ProjectSection(SolutionItems) = preProject
		.editorconfig = .editorconfig
	EndProjectSection
EndProject
Project("{2150E333-8FDC-42A3-9474-1A3956D46DE8}") = "NuGet", "NuGet", "{FCEEEA57-A142-4C50-AE0B-C8029B22429E}"
	ProjectSection(SolutionItems) = preProject
		.nuget\NuGet.config = .nuget\NuGet.config
	EndProjectSection
EndProject
Project("{2150E333-8FDC-42A3-9474-1A3956D46DE8}") = "Build", "Build", "{DF86B1AC-EEAC-4E4E-89E7-A3A629963897}"
	ProjectSection(SolutionItems) = preProject
		.Build\Copyright.props = .Build\Copyright.props
		.Build\CustomCode.snk = .Build\CustomCode.snk
		.Build\Documentation.props = .Build\Documentation.props
		.Build\NonNullableReferenceTypes.props = .Build\NonNullableReferenceTypes.props
		.Build\Nuget.props = .Build\Nuget.props
		.Build\Nuget.targets = .Build\Nuget.targets
		.Build\Signing.props = .Build\Signing.props
		.Build\Versioning.props = .Build\Versioning.props
	EndProjectSection
EndProject
Project("{9A19103F-16F7-4668-BE54-9A1E7A4F7556}") = "Core.Logging", "Core.Logging\Core.Logging.csproj", "{E4C622DB-24A4-48EF-A50E-37B9E97E6B81}"
EndProject
Project("{9A19103F-16F7-4668-BE54-9A1E7A4F7556}") = "Core.Logging.Transport.InProcess", "Core.Logging.Transport.InProcess\Core.Logging.Transport.InProcess.csproj", "{EAD0CC94-92A2-43E3-B722-DFB2D3BEEE54}"
EndProject
Project("{9A19103F-16F7-4668-BE54-9A1E7A4F7556}") = "Core.Logging.Storage.OutputWindow", "Core.Logging.Storage.OutputWindow\Core.Logging.Storage.OutputWindow.csproj", "{401F7DBE-F569-4ABB-B155-2F79726E77CF}"
EndProject
Project("{9A19103F-16F7-4668-BE54-9A1E7A4F7556}") = "Core.Logging.Storage.FileSystem", "Core.Logging.Storage.FileSystem\Core.Logging.Storage.FileSystem.csproj", "{E008034D-1BC0-499E-9454-9EFFA737D754}"
EndProject
Global
	GlobalSection(SolutionConfigurationPlatforms) = preSolution
		Debug|Any CPU = Debug|Any CPU
		Release|Any CPU = Release|Any CPU
	EndGlobalSection
	GlobalSection(ProjectConfigurationPlatforms) = postSolution
		{E4C622DB-24A4-48EF-A50E-37B9E97E6B81}.Debug|Any CPU.ActiveCfg = Debug|Any CPU
		{E4C622DB-24A4-48EF-A50E-37B9E97E6B81}.Debug|Any CPU.Build.0 = Debug|Any CPU
		{E4C622DB-24A4-48EF-A50E-37B9E97E6B81}.Release|Any CPU.ActiveCfg = Release|Any CPU
		{E4C622DB-24A4-48EF-A50E-37B9E97E6B81}.Release|Any CPU.Build.0 = Release|Any CPU
		{EAD0CC94-92A2-43E3-B722-DFB2D3BEEE54}.Debug|Any CPU.ActiveCfg = Debug|Any CPU
		{EAD0CC94-92A2-43E3-B722-DFB2D3BEEE54}.Debug|Any CPU.Build.0 = Debug|Any CPU
		{EAD0CC94-92A2-43E3-B722-DFB2D3BEEE54}.Release|Any CPU.ActiveCfg = Release|Any CPU
		{EAD0CC94-92A2-43E3-B722-DFB2D3BEEE54}.Release|Any CPU.Build.0 = Release|Any CPU
		{401F7DBE-F569-4ABB-B155-2F79726E77CF}.Debug|Any CPU.ActiveCfg = Debug|Any CPU
		{401F7DBE-F569-4ABB-B155-2F79726E77CF}.Debug|Any CPU.Build.0 = Debug|Any CPU
		{401F7DBE-F569-4ABB-B155-2F79726E77CF}.Release|Any CPU.ActiveCfg = Release|Any CPU
		{401F7DBE-F569-4ABB-B155-2F79726E77CF}.Release|Any CPU.Build.0 = Release|Any CPU
		{E008034D-1BC0-499E-9454-9EFFA737D754}.Debug|Any CPU.ActiveCfg = Debug|Any CPU
		{E008034D-1BC0-499E-9454-9EFFA737D754}.Debug|Any CPU.Build.0 = Debug|Any CPU
		{E008034D-1BC0-499E-9454-9EFFA737D754}.Release|Any CPU.ActiveCfg = Release|Any CPU
		{E008034D-1BC0-499E-9454-9EFFA737D754}.Release|Any CPU.Build.0 = Release|Any CPU
	EndGlobalSection
	GlobalSection(SolutionProperties) = preSolution
		HideSolutionNode = FALSE
	EndGlobalSection
	GlobalSection(NestedProjects) = preSolution
		{059F8AA8-90F7-485D-BAEA-3F3CE500DBF4} = {1D74EF24-2B5C-4FBE-ADAD-4959F5D99A5A}
		{FCEEEA57-A142-4C50-AE0B-C8029B22429E} = {1D74EF24-2B5C-4FBE-ADAD-4959F5D99A5A}
		{DF86B1AC-EEAC-4E4E-89E7-A3A629963897} = {1D74EF24-2B5C-4FBE-ADAD-4959F5D99A5A}
	EndGlobalSection
	GlobalSection(ExtensibilityGlobals) = postSolution
		SolutionGuid = {35449294-D499-413C-AA28-EA96D2C91C02}
	EndGlobalSection
EndGlobal
